
Microsoft Visual Studio Solution File, Format Version 12.00
# Visual Studio Version 16
VisualStudioVersion = 16.0.30804.86
MinimumVisualStudioVersion = 10.0.40219.1
Project("{9A19103F-16F7-4668-BE54-9A1E7A4F7556}") = "Task_1", "Task_1\Task_1.csproj", "{2A9CD363-11DE-4E69-AAF0-E4BA6DB54D73}"
EndProject
Project("{9A19103F-16F7-4668-BE54-9A1E7A4F7556}") = "Task_2", "Task_2\Task_2.csproj", "{E440548E-A47D-4A4C-A0AD-6ED67F8D8E17}"
EndProject
Project("{FAE04EC0-301F-11D3-BF4B-00C04F79EFBC}") = "Task_3", "Task_3\Task_3.csproj", "{55EFE601-44DD-4616-B912-0FB5C210B876}"
EndProject
Global
	GlobalSection(SolutionConfigurationPlatforms) = preSolution
		Debug|Any CPU = Debug|Any CPU
		Release|Any CPU = Release|Any CPU
	EndGlobalSection
	GlobalSection(ProjectConfigurationPlatforms) = postSolution
		{2A9CD363-11DE-4E69-AAF0-E4BA6DB54D73}.Debug|Any CPU.ActiveCfg = Debug|Any CPU
		{2A9CD363-11DE-4E69-AAF0-E4BA6DB54D73}.Debug|Any CPU.Build.0 = Debug|Any CPU
		{2A9CD363-11DE-4E69-AAF0-E4BA6DB54D73}.Release|Any CPU.ActiveCfg = Release|Any CPU
		{2A9CD363-11DE-4E69-AAF0-E4BA6DB54D73}.Release|Any CPU.Build.0 = Release|Any CPU
		{E440548E-A47D-4A4C-A0AD-6ED67F8D8E17}.Debug|Any CPU.ActiveCfg = Debug|Any CPU
		{E440548E-A47D-4A4C-A0AD-6ED67F8D8E17}.Debug|Any CPU.Build.0 = Debug|Any CPU
		{E440548E-A47D-4A4C-A0AD-6ED67F8D8E17}.Release|Any CPU.ActiveCfg = Release|Any CPU
		{E440548E-A47D-4A4C-A0AD-6ED67F8D8E17}.Release|Any CPU.Build.0 = Release|Any CPU
		{55EFE601-44DD-4616-B912-0FB5C210B876}.Debug|Any CPU.ActiveCfg = Debug|Any CPU
		{55EFE601-44DD-4616-B912-0FB5C210B876}.Debug|Any CPU.Build.0 = Debug|Any CPU
		{55EFE601-44DD-4616-B912-0FB5C210B876}.Release|Any CPU.ActiveCfg = Release|Any CPU
		{55EFE601-44DD-4616-B912-0FB5C210B876}.Release|Any CPU.Build.0 = Release|Any CPU
	EndGlobalSection
	GlobalSection(SolutionProperties) = preSolution
		HideSolutionNode = FALSE
	EndGlobalSection
	GlobalSection(ExtensibilityGlobals) = postSolution
		SolutionGuid = {CA38BFD3-E1A7-4CF8-9AA0-24599E042D8D}
	EndGlobalSection
EndGlobal
